
Microsoft Visual Studio Solution File, Format Version 12.00
# Visual Studio 2013
VisualStudioVersion = 12.0.31101.0
MinimumVisualStudioVersion = 10.0.40219.1
Project("{FAE04EC0-301F-11D3-BF4B-00C04F79EFBC}") = "RpgEnemyLvlBalacingCalculator", "RpgEnemyLvlBalacingCalculator\RpgEnemyLvlBalacingCalculator.csproj", "{0CC8EDBB-CEF7-4B43-9A8E-FEE6BCA830E9}"
EndProject
Project("{FAE04EC0-301F-11D3-BF4B-00C04F79EFBC}") = "RpgEnemyLvlBalacingCalculator.Model", "RpgEnemyLvlBalacingCalculator.Model\RpgEnemyLvlBalacingCalculator.Model.csproj", "{1A58D443-AC97-4352-B99C-99E982D1A34F}"
EndProject
Global
	GlobalSection(SolutionConfigurationPlatforms) = preSolution
		Debug|Any CPU = Debug|Any CPU
		Release|Any CPU = Release|Any CPU
	EndGlobalSection
	GlobalSection(ProjectConfigurationPlatforms) = postSolution
		{0CC8EDBB-CEF7-4B43-9A8E-FEE6BCA830E9}.Debug|Any CPU.ActiveCfg = Debug|Any CPU
		{0CC8EDBB-CEF7-4B43-9A8E-FEE6BCA830E9}.Debug|Any CPU.Build.0 = Debug|Any CPU
		{0CC8EDBB-CEF7-4B43-9A8E-FEE6BCA830E9}.Release|Any CPU.ActiveCfg = Release|Any CPU
		{0CC8EDBB-CEF7-4B43-9A8E-FEE6BCA830E9}.Release|Any CPU.Build.0 = Release|Any CPU
		{1A58D443-AC97-4352-B99C-99E982D1A34F}.Debug|Any CPU.ActiveCfg = Debug|Any CPU
		{1A58D443-AC97-4352-B99C-99E982D1A34F}.Debug|Any CPU.Build.0 = Debug|Any CPU
		{1A58D443-AC97-4352-B99C-99E982D1A34F}.Release|Any CPU.ActiveCfg = Release|Any CPU
		{1A58D443-AC97-4352-B99C-99E982D1A34F}.Release|Any CPU.Build.0 = Release|Any CPU
	EndGlobalSection
	GlobalSection(SolutionProperties) = preSolution
		HideSolutionNode = FALSE
	EndGlobalSection
EndGlobal
